
Microsoft Visual Studio Solution File, Format Version 12.00
# Visual Studio Version 17
VisualStudioVersion = 17.4.33110.190
MinimumVisualStudioVersion = 10.0.40219.1
Project("{FAE04EC0-301F-11D3-BF4B-00C04F79EFBC}") = "lab3", "lab3\lab3.csproj", "{EE921378-AF1E-4BF9-A211-5964D68E85EE}"
EndProject
Global
	GlobalSection(SolutionConfigurationPlatforms) = preSolution
		Debug|Any CPU = Debug|Any CPU
		Release|Any CPU = Release|Any CPU
	EndGlobalSection
	GlobalSection(ProjectConfigurationPlatforms) = postSolution
		{EE921378-AF1E-4BF9-A211-5964D68E85EE}.Debug|Any CPU.ActiveCfg = Debug|Any CPU
		{EE921378-AF1E-4BF9-A211-5964D68E85EE}.Debug|Any CPU.Build.0 = Debug|Any CPU
		{EE921378-AF1E-4BF9-A211-5964D68E85EE}.Release|Any CPU.ActiveCfg = Release|Any CPU
		{EE921378-AF1E-4BF9-A211-5964D68E85EE}.Release|Any CPU.Build.0 = Release|Any CPU
	EndGlobalSection
	GlobalSection(SolutionProperties) = preSolution
		HideSolutionNode = FALSE
	EndGlobalSection
	GlobalSection(ExtensibilityGlobals) = postSolution
		SolutionGuid = {3A4785D8-59A8-4618-A6D2-C786F1432355}
	EndGlobalSection
EndGlobal
